
Microsoft Visual Studio Solution File, Format Version 12.00
# Visual Studio Version 16
VisualStudioVersion = 16.0.30804.86
MinimumVisualStudioVersion = 10.0.40219.1
Project("{FAE04EC0-301F-11D3-BF4B-00C04F79EFBC}") = "DolgozoProjekt", "DolgozoProjekt\DolgozoProjekt.csproj", "{782EFCD4-BB83-4815-B643-BA858DB496DA}"
EndProject
Global
	GlobalSection(SolutionConfigurationPlatforms) = preSolution
		Debug|Any CPU = Debug|Any CPU
		Release|Any CPU = Release|Any CPU
	EndGlobalSection
	GlobalSection(ProjectConfigurationPlatforms) = postSolution
		{782EFCD4-BB83-4815-B643-BA858DB496DA}.Debug|Any CPU.ActiveCfg = Debug|Any CPU
		{782EFCD4-BB83-4815-B643-BA858DB496DA}.Debug|Any CPU.Build.0 = Debug|Any CPU
		{782EFCD4-BB83-4815-B643-BA858DB496DA}.Release|Any CPU.ActiveCfg = Release|Any CPU
		{782EFCD4-BB83-4815-B643-BA858DB496DA}.Release|Any CPU.Build.0 = Release|Any CPU
	EndGlobalSection
	GlobalSection(SolutionProperties) = preSolution
		HideSolutionNode = FALSE
	EndGlobalSection
	GlobalSection(ExtensibilityGlobals) = postSolution
		SolutionGuid = {8DD209D2-4FE1-4B50-9143-B3E482A86302}
	EndGlobalSection
EndGlobal
